
Microsoft Visual Studio Solution File, Format Version 12.00
# Visual Studio 15
VisualStudioVersion = 15.0.26228.4
MinimumVisualStudioVersion = 10.0.40219.1
Project("{FAE04EC0-301F-11D3-BF4B-00C04F79EFBC}") = "QuickMapper", "QuickMapper\QuickMapper.csproj", "{B3C860AE-2EF3-4014-A1D1-A3166CD7F214}"
EndProject
Project("{FAE04EC0-301F-11D3-BF4B-00C04F79EFBC}") = "QuickMapper.Tests", "QuickMapper.Tests\QuickMapper.Tests.csproj", "{9F2AE8F2-CF4C-4662-B5FD-15B563792C82}"
EndProject
Project("{FAE04EC0-301F-11D3-BF4B-00C04F79EFBC}") = "QuickMapper.Generated", "QuickMapper.Generated\QuickMapper.Generated.csproj", "{520F856D-9209-4A39-AD09-5C76DC63F8ED}"
EndProject
Global
	GlobalSection(SolutionConfigurationPlatforms) = preSolution
		Debug|Any CPU = Debug|Any CPU
		Release|Any CPU = Release|Any CPU
	EndGlobalSection
	GlobalSection(ProjectConfigurationPlatforms) = postSolution
		{B3C860AE-2EF3-4014-A1D1-A3166CD7F214}.Debug|Any CPU.ActiveCfg = Debug|Any CPU
		{B3C860AE-2EF3-4014-A1D1-A3166CD7F214}.Debug|Any CPU.Build.0 = Debug|Any CPU
		{B3C860AE-2EF3-4014-A1D1-A3166CD7F214}.Release|Any CPU.ActiveCfg = Release|Any CPU
		{B3C860AE-2EF3-4014-A1D1-A3166CD7F214}.Release|Any CPU.Build.0 = Release|Any CPU
		{9F2AE8F2-CF4C-4662-B5FD-15B563792C82}.Debug|Any CPU.ActiveCfg = Debug|Any CPU
		{9F2AE8F2-CF4C-4662-B5FD-15B563792C82}.Debug|Any CPU.Build.0 = Debug|Any CPU
		{9F2AE8F2-CF4C-4662-B5FD-15B563792C82}.Release|Any CPU.ActiveCfg = Release|Any CPU
		{9F2AE8F2-CF4C-4662-B5FD-15B563792C82}.Release|Any CPU.Build.0 = Release|Any CPU
		{520F856D-9209-4A39-AD09-5C76DC63F8ED}.Debug|Any CPU.ActiveCfg = Debug|Any CPU
		{520F856D-9209-4A39-AD09-5C76DC63F8ED}.Debug|Any CPU.Build.0 = Debug|Any CPU
		{520F856D-9209-4A39-AD09-5C76DC63F8ED}.Release|Any CPU.ActiveCfg = Release|Any CPU
		{520F856D-9209-4A39-AD09-5C76DC63F8ED}.Release|Any CPU.Build.0 = Release|Any CPU
	EndGlobalSection
	GlobalSection(SolutionProperties) = preSolution
		HideSolutionNode = FALSE
	EndGlobalSection
EndGlobal
